
Microsoft Visual Studio Solution File, Format Version 12.00
# Visual Studio Version 17
VisualStudioVersion = 17.8.34525.116
MinimumVisualStudioVersion = 10.0.40219.1
Project("{FAE04EC0-301F-11D3-BF4B-00C04F79EFBC}") = "WebApplication1", "WebApplication1\WebApplication1.csproj", "{C9E25EAE-0B35-4E37-A9D6-F905C149B5E0}"
EndProject
Global
	GlobalSection(SolutionConfigurationPlatforms) = preSolution
		Debug|Any CPU = Debug|Any CPU
		Release|Any CPU = Release|Any CPU
	EndGlobalSection
	GlobalSection(ProjectConfigurationPlatforms) = postSolution
		{C9E25EAE-0B35-4E37-A9D6-F905C149B5E0}.Debug|Any CPU.ActiveCfg = Debug|Any CPU
		{C9E25EAE-0B35-4E37-A9D6-F905C149B5E0}.Debug|Any CPU.Build.0 = Debug|Any CPU
		{C9E25EAE-0B35-4E37-A9D6-F905C149B5E0}.Release|Any CPU.ActiveCfg = Release|Any CPU
		{C9E25EAE-0B35-4E37-A9D6-F905C149B5E0}.Release|Any CPU.Build.0 = Release|Any CPU
	EndGlobalSection
	GlobalSection(SolutionProperties) = preSolution
		HideSolutionNode = FALSE
	EndGlobalSection
	GlobalSection(ExtensibilityGlobals) = postSolution
		SolutionGuid = {F66FEB7B-992E-433F-9C57-D7B420860ACA}
	EndGlobalSection
EndGlobal
